
Microsoft Visual Studio Solution File, Format Version 12.00
# Visual Studio 15
VisualStudioVersion = 15.0.27004.2005
MinimumVisualStudioVersion = 10.0.40219.1
Project("{FAE04EC0-301F-11D3-BF4B-00C04F79EFBC}") = "StaticDataAndMembers", "StaticDataAndMembers\StaticDataAndMembers.csproj", "{1858D447-288E-432C-9AD8-D80A65C80A1C}"
EndProject
Global
	GlobalSection(SolutionConfigurationPlatforms) = preSolution
		Debug|Any CPU = Debug|Any CPU
		Release|Any CPU = Release|Any CPU
	EndGlobalSection
	GlobalSection(ProjectConfigurationPlatforms) = postSolution
		{1858D447-288E-432C-9AD8-D80A65C80A1C}.Debug|Any CPU.ActiveCfg = Debug|Any CPU
		{1858D447-288E-432C-9AD8-D80A65C80A1C}.Debug|Any CPU.Build.0 = Debug|Any CPU
		{1858D447-288E-432C-9AD8-D80A65C80A1C}.Release|Any CPU.ActiveCfg = Release|Any CPU
		{1858D447-288E-432C-9AD8-D80A65C80A1C}.Release|Any CPU.Build.0 = Release|Any CPU
	EndGlobalSection
	GlobalSection(SolutionProperties) = preSolution
		HideSolutionNode = FALSE
	EndGlobalSection
	GlobalSection(ExtensibilityGlobals) = postSolution
		SolutionGuid = {E94F5A57-FB33-47DA-82F6-2EFC7F37A9B8}
	EndGlobalSection
EndGlobal
